
Microsoft Visual Studio Solution File, Format Version 12.00
# Visual Studio Version 16
VisualStudioVersion = 16.0.30320.27
MinimumVisualStudioVersion = 10.0.40219.1
Project("{8BC9CEB8-8B4A-11D0-8D11-00A0C91BC942}") = "crproj", "crproj\crproj.vcxproj", "{2057831D-D6E6-4363-987A-FE7D22614704}"
EndProject
Global
	GlobalSection(SolutionConfigurationPlatforms) = preSolution
		Debug|x64 = Debug|x64
		Debug|x86 = Debug|x86
		Release|x64 = Release|x64
		Release|x86 = Release|x86
	EndGlobalSection
	GlobalSection(ProjectConfigurationPlatforms) = postSolution
		{2057831D-D6E6-4363-987A-FE7D22614704}.Debug|x64.ActiveCfg = Release|x64
		{2057831D-D6E6-4363-987A-FE7D22614704}.Debug|x64.Build.0 = Release|x64
		{2057831D-D6E6-4363-987A-FE7D22614704}.Debug|x86.ActiveCfg = Release|x64
		{2057831D-D6E6-4363-987A-FE7D22614704}.Debug|x86.Build.0 = Release|x64
		{2057831D-D6E6-4363-987A-FE7D22614704}.Release|x64.ActiveCfg = Release|x64
		{2057831D-D6E6-4363-987A-FE7D22614704}.Release|x64.Build.0 = Release|x64
		{2057831D-D6E6-4363-987A-FE7D22614704}.Release|x86.ActiveCfg = Release|x64
	EndGlobalSection
	GlobalSection(SolutionProperties) = preSolution
		HideSolutionNode = FALSE
	EndGlobalSection
	GlobalSection(ExtensibilityGlobals) = postSolution
		SolutionGuid = {ED154C20-C1C0-4288-8049-937177F06CDB}
	EndGlobalSection
EndGlobal
